
Microsoft Visual Studio Solution File, Format Version 12.00
# Visual Studio Version 17
VisualStudioVersion = 17.0.31903.59
MinimumVisualStudioVersion = 10.0.40219.1
Project("{9A19103F-16F7-4668-BE54-9A1E7A4F7556}") = "Group Anagrams", "Group Anagrams\Group Anagrams.csproj", "{4BD86130-CFAB-4788-BAA1-5972FC87A7BE}"
EndProject
Project("{9A19103F-16F7-4668-BE54-9A1E7A4F7556}") = "Top_K_Frequent_Elements", "Top_K_Frequent_Elements\Top_K_Frequent_Elements\Top_K_Frequent_Elements.csproj", "{C019A54C-663B-4271-A8FE-65E03BF5E65E}"
EndProject
Global
	GlobalSection(SolutionConfigurationPlatforms) = preSolution
		Debug|Any CPU = Debug|Any CPU
		Release|Any CPU = Release|Any CPU
	EndGlobalSection
	GlobalSection(ProjectConfigurationPlatforms) = postSolution
		{4BD86130-CFAB-4788-BAA1-5972FC87A7BE}.Debug|Any CPU.ActiveCfg = Debug|Any CPU
		{4BD86130-CFAB-4788-BAA1-5972FC87A7BE}.Debug|Any CPU.Build.0 = Debug|Any CPU
		{4BD86130-CFAB-4788-BAA1-5972FC87A7BE}.Release|Any CPU.ActiveCfg = Release|Any CPU
		{4BD86130-CFAB-4788-BAA1-5972FC87A7BE}.Release|Any CPU.Build.0 = Release|Any CPU
		{C019A54C-663B-4271-A8FE-65E03BF5E65E}.Debug|Any CPU.ActiveCfg = Debug|Any CPU
		{C019A54C-663B-4271-A8FE-65E03BF5E65E}.Debug|Any CPU.Build.0 = Debug|Any CPU
		{C019A54C-663B-4271-A8FE-65E03BF5E65E}.Release|Any CPU.ActiveCfg = Release|Any CPU
		{C019A54C-663B-4271-A8FE-65E03BF5E65E}.Release|Any CPU.Build.0 = Release|Any CPU
	EndGlobalSection
	GlobalSection(SolutionProperties) = preSolution
		HideSolutionNode = FALSE
	EndGlobalSection
	GlobalSection(ExtensibilityGlobals) = postSolution
		SolutionGuid = {4E296353-6506-445B-80FF-759871FCB61D}
	EndGlobalSection
EndGlobal
